{
  "requires": true,
  "lockfileVersion": 1,
  "dependencies": {
    "@angular/cdk": {
      "version": "8.2.3",
      "resolved": "https://registry.npmjs.org/@angular/cdk/-/cdk-8.2.3.tgz",
      "integrity": "sha512-ZwO5Sn720RA2YvBqud0JAHkZXjmjxM0yNzCO8RVtRE9i8Gl26Wk0j0nQeJkVm4zwv2QO8MwbKUKGTMt8evsokA==",
      "requires": {
        "parse5": "^5.0.0",
        "tslib": "^1.7.1"
      }
    },
    "@angular/google-maps": {
      "version": "9.0.0-rc.0",
      "resolved": "https://registry.npmjs.org/@angular/google-maps/-/google-maps-9.0.0-rc.0.tgz",
      "integrity": "sha512-n9ZfqZOu7ZBgk4THN3bDwKvNchma/fveGF0DQNQFWhU2flokLtJQnLCucJx8FURZkIJX2QzKoORlCGpfb1/xpQ==",
      "requires": {
        "@types/googlemaps": "^3.37.0"
      }
    },
    "@ngmodule/material-carousel": {
      "version": "0.5.1",
      "resolved": "https://registry.npmjs.org/@ngmodule/material-carousel/-/material-carousel-0.5.1.tgz",
      "integrity": "sha512-h6AftKaZQfdjR/UeiwtVLd5SJaMIvfe937ltFJqEdqpGvlBLp6UUlSLAnrbYVKr+YZdGpaTDFxv7PHJhEP6S1Q==",
      "requires": {
        "tslib": "^1.9.0"
      }
    },
    "@types/googlemaps": {
      "version": "3.39.2",
      "resolved": "https://registry.npmjs.org/@types/googlemaps/-/googlemaps-3.39.2.tgz",
      "integrity": "sha512-eQNK23aCejjTF/HCzMObVPisnj6oBpWerhKpm849xW5JYocIHpnHnGYzWc9w076hIEpMt0bAxyPOaCoruYeGqg=="
    },
    "parse5": {
      "version": "5.1.1",
      "resolved": "https://registry.npmjs.org/parse5/-/parse5-5.1.1.tgz",
      "integrity": "sha512-ugq4DFI0Ptb+WWjAdOK16+u/nHfiIrcE+sh8kZMaM0WllQKLI9rOUq6c2b7cwPkXdzfQESqvoqK6ug7U/Yyzug=="
    },
    "tslib": {
      "version": "1.10.0",
      "resolved": "https://registry.npmjs.org/tslib/-/tslib-1.10.0.tgz",
      "integrity": "sha512-qOebF53frne81cf0S9B41ByenJ3/IuH8yJKngAX35CmiZySA0khhkovshKK+jGCaMnVomla7gVlIcc3EvKPbTQ=="
    }
  }
}
